// !$*UTF8*$!
{
	archiveVersion = 1;
	classes = {
	};
	objectVersion = 56;
	objects = {

/* Begin PBXBuildFile section */
		340160E22947B05E00DAFA21 /* ReservaViewController.swift in Sources */ = {isa = PBXBuildFile; fileRef = 340160E12947B05E00DAFA21 /* ReservaViewController.swift */; };
		340160E72947B21F00DAFA21 /* BarberosTableViewCell.swift in Sources */ = {isa = PBXBuildFile; fileRef = 340160E52947B21F00DAFA21 /* BarberosTableViewCell.swift */; };
		340160E82947B21F00DAFA21 /* BarberosTableViewCell.xib in Resources */ = {isa = PBXBuildFile; fileRef = 340160E62947B21F00DAFA21 /* BarberosTableViewCell.xib */; };
		3401CB5529351BE90058054C /* AppDelegate.swift in Sources */ = {isa = PBXBuildFile; fileRef = 3401CB5429351BE90058054C /* AppDelegate.swift */; };
		3401CB5729351BE90058054C /* SceneDelegate.swift in Sources */ = {isa = PBXBuildFile; fileRef = 3401CB5629351BE90058054C /* SceneDelegate.swift */; };
		3401CB5929351BE90058054C /* HomeController.swift in Sources */ = {isa = PBXBuildFile; fileRef = 3401CB5829351BE90058054C /* HomeController.swift */; };
		3401CB5E29351BEC0058054C /* Assets.xcassets in Resources */ = {isa = PBXBuildFile; fileRef = 3401CB5D29351BEC0058054C /* Assets.xcassets */; };
		3401CB6129351BEC0058054C /* LaunchScreen.storyboard in Resources */ = {isa = PBXBuildFile; fileRef = 3401CB5F29351BEC0058054C /* LaunchScreen.storyboard */; };
		340B8DA7293ECB3100CBE0D2 /* DetailsViewController.swift in Sources */ = {isa = PBXBuildFile; fileRef = 340B8DA6293ECB3100CBE0D2 /* DetailsViewController.swift */; };
		340D376C293FE49D00DC54D9 /* BarberCustomTableViewCell.swift in Sources */ = {isa = PBXBuildFile; fileRef = 340D376A293FE49D00DC54D9 /* BarberCustomTableViewCell.swift */; };
		340D376D293FE49D00DC54D9 /* BarberCustomTableViewCell.xib in Resources */ = {isa = PBXBuildFile; fileRef = 340D376B293FE49D00DC54D9 /* BarberCustomTableViewCell.xib */; };
		34234153294160CB0072F1B0 /* Main.storyboard in Resources */ = {isa = PBXBuildFile; fileRef = 3401CB5A29351BE90058054C /* Main.storyboard */; };
		349750D429416FAE00BB4A34 /* CortesTableViewCell.swift in Sources */ = {isa = PBXBuildFile; fileRef = 349750D229416FAE00BB4A34 /* CortesTableViewCell.swift */; };
		349750D529416FAE00BB4A34 /* CortesTableViewCell.xib in Resources */ = {isa = PBXBuildFile; fileRef = 349750D329416FAE00BB4A34 /* CortesTableViewCell.xib */; };
		34B9867A293E51E1003E79E5 /* BarberShopModel.swift in Sources */ = {isa = PBXBuildFile; fileRef = 34B98679293E51E1003E79E5 /* BarberShopModel.swift */; };
		34B9867C293E5B25003E79E5 /* BarberShopManager.swift in Sources */ = {isa = PBXBuildFile; fileRef = 34B9867B293E5B25003E79E5 /* BarberShopManager.swift */; };
/* End PBXBuildFile section */

/* Begin PBXFileReference section */
		340160E12947B05E00DAFA21 /* ReservaViewController.swift */ = {isa = PBXFileReference; lastKnownFileType = sourcecode.swift; path = ReservaViewController.swift; sourceTree = "<group>"; };
		340160E52947B21F00DAFA21 /* BarberosTableViewCell.swift */ = {isa = PBXFileReference; lastKnownFileType = sourcecode.swift; path = BarberosTableViewCell.swift; sourceTree = "<group>"; };
		340160E62947B21F00DAFA21 /* BarberosTableViewCell.xib */ = {isa = PBXFileReference; lastKnownFileType = file.xib; path = BarberosTableViewCell.xib; sourceTree = "<group>"; };
		3401CB5129351BE90058054C /* barber-search.app */ = {isa = PBXFileReference; explicitFileType = wrapper.application; includeInIndex = 0; path = "barber-search.app"; sourceTree = BUILT_PRODUCTS_DIR; };
		3401CB5429351BE90058054C /* AppDelegate.swift */ = {isa = PBXFileReference; lastKnownFileType = sourcecode.swift; path = AppDelegate.swift; sourceTree = "<group>"; };
		3401CB5629351BE90058054C /* SceneDelegate.swift */ = {isa = PBXFileReference; lastKnownFileType = sourcecode.swift; path = SceneDelegate.swift; sourceTree = "<group>"; };
		3401CB5829351BE90058054C /* HomeController.swift */ = {isa = PBXFileReference; lastKnownFileType = sourcecode.swift; path = HomeController.swift; sourceTree = "<group>"; };
		3401CB5B29351BE90058054C /* Base */ = {isa = PBXFileReference; lastKnownFileType = file.storyboard; name = Base; path = Base.lproj/Main.storyboard; sourceTree = "<group>"; };
		3401CB5D29351BEC0058054C /* Assets.xcassets */ = {isa = PBXFileReference; lastKnownFileType = folder.assetcatalog; path = Assets.xcassets; sourceTree = "<group>"; };
		3401CB6029351BEC0058054C /* Base */ = {isa = PBXFileReference; lastKnownFileType = file.storyboard; name = Base; path = Base.lproj/LaunchScreen.storyboard; sourceTree = "<group>"; };
		3401CB6229351BEC0058054C /* Info.plist */ = {isa = PBXFileReference; lastKnownFileType = text.plist.xml; path = Info.plist; sourceTree = "<group>"; };
		340B8DA6293ECB3100CBE0D2 /* DetailsViewController.swift */ = {isa = PBXFileReference; lastKnownFileType = sourcecode.swift; path = DetailsViewController.swift; sourceTree = "<group>"; };
		340D376A293FE49D00DC54D9 /* BarberCustomTableViewCell.swift */ = {isa = PBXFileReference; lastKnownFileType = sourcecode.swift; path = BarberCustomTableViewCell.swift; sourceTree = "<group>"; };
		340D376B293FE49D00DC54D9 /* BarberCustomTableViewCell.xib */ = {isa = PBXFileReference; lastKnownFileType = file.xib; path = BarberCustomTableViewCell.xib; sourceTree = "<group>"; };
		349750D229416FAE00BB4A34 /* CortesTableViewCell.swift */ = {isa = PBXFileReference; lastKnownFileType = sourcecode.swift; path = CortesTableViewCell.swift; sourceTree = "<group>"; };
		349750D329416FAE00BB4A34 /* CortesTableViewCell.xib */ = {isa = PBXFileReference; lastKnownFileType = file.xib; path = CortesTableViewCell.xib; sourceTree = "<group>"; };
		34B98679293E51E1003E79E5 /* BarberShopModel.swift */ = {isa = PBXFileReference; lastKnownFileType = sourcecode.swift; path = BarberShopModel.swift; sourceTree = "<group>"; };
		34B9867B293E5B25003E79E5 /* BarberShopManager.swift */ = {isa = PBXFileReference; lastKnownFileType = sourcecode.swift; path = BarberShopManager.swift; sourceTree = "<group>"; };
/* End PBXFileReference section */

/* Begin PBXFrameworksBuildPhase section */
		3401CB4E29351BE90058054C /* Frameworks */ = {
			isa = PBXFrameworksBuildPhase;
			buildActionMask = 2147483647;
			files = (
			);
			runOnlyForDeploymentPostprocessing = 0;
		};
/* End PBXFrameworksBuildPhase section */

/* Begin PBXGroup section */
		3401CB4829351BE90058054C = {
			isa = PBXGroup;
			children = (
				3401CB5329351BE90058054C /* barber-search */,
				3401CB5229351BE90058054C /* Products */,
			);
			sourceTree = "<group>";
		};
		3401CB5229351BE90058054C /* Products */ = {
			isa = PBXGroup;
			children = (
				3401CB5129351BE90058054C /* barber-search.app */,
			);
			name = Products;
			sourceTree = "<group>";
		};
		3401CB5329351BE90058054C /* barber-search */ = {
			isa = PBXGroup;
			children = (
				3401CB5429351BE90058054C /* AppDelegate.swift */,
				3401CB5629351BE90058054C /* SceneDelegate.swift */,
				3401CB5829351BE90058054C /* HomeController.swift */,
				34B98679293E51E1003E79E5 /* BarberShopModel.swift */,
				34B9867B293E5B25003E79E5 /* BarberShopManager.swift */,
				340D376A293FE49D00DC54D9 /* BarberCustomTableViewCell.swift */,
				340D376B293FE49D00DC54D9 /* BarberCustomTableViewCell.xib */,
				340B8DA6293ECB3100CBE0D2 /* DetailsViewController.swift */,
				349750D229416FAE00BB4A34 /* CortesTableViewCell.swift */,
				349750D329416FAE00BB4A34 /* CortesTableViewCell.xib */,
				340160E12947B05E00DAFA21 /* ReservaViewController.swift */,
				340160E52947B21F00DAFA21 /* BarberosTableViewCell.swift */,
				340160E62947B21F00DAFA21 /* BarberosTableViewCell.xib */,
				3401CB5A29351BE90058054C /* Main.storyboard */,
				3401CB5D29351BEC0058054C /* Assets.xcassets */,
				3401CB5F29351BEC0058054C /* LaunchScreen.storyboard */,
				3401CB6229351BEC0058054C /* Info.plist */,
			);
			path = "barber-search";
			sourceTree = "<group>";
		};
/* End PBXGroup section */

/* Begin PBXNativeTarget section */
		3401CB5029351BE90058054C /* barber-search */ = {
			isa = PBXNativeTarget;
			buildConfigurationList = 3401CB6529351BEC0058054C /* Build configuration list for PBXNativeTarget "barber-search" */;
			buildPhases = (
				3401CB4D29351BE90058054C /* Sources */,
				3401CB4E29351BE90058054C /* Frameworks */,
				3401CB4F29351BE90058054C /* Resources */,
			);
			buildRules = (
			);
			dependencies = (
			);
			name = "barber-search";
			productName = "barber-search";
			productReference = 3401CB5129351BE90058054C /* barber-search.app */;
			productType = "com.apple.product-type.application";
		};
/* End PBXNativeTarget section */

/* Begin PBXProject section */
		3401CB4929351BE90058054C /* Project object */ = {
			isa = PBXProject;
			attributes = {
				BuildIndependentTargetsInParallel = 1;
				LastSwiftUpdateCheck = 1410;
				LastUpgradeCheck = 1410;
				TargetAttributes = {
					3401CB5029351BE90058054C = {
						CreatedOnToolsVersion = 14.1;
					};
				};
			};
			buildConfigurationList = 3401CB4C29351BE90058054C /* Build configuration list for PBXProject "barber-search" */;
			compatibilityVersion = "Xcode 14.0";
			developmentRegion = en;
			hasScannedForEncodings = 0;
			knownRegions = (
				en,
				Base,
			);
			mainGroup = 3401CB4829351BE90058054C;
			productRefGroup = 3401CB5229351BE90058054C /* Products */;
			projectDirPath = "";
			projectRoot = "";
			targets = (
				3401CB5029351BE90058054C /* barber-search */,
			);
		};
/* End PBXProject section */

/* Begin PBXResourcesBuildPhase section */
		3401CB4F29351BE90058054C /* Resources */ = {
			isa = PBXResourcesBuildPhase;
			buildActionMask = 2147483647;
			files = (
				3401CB6129351BEC0058054C /* LaunchScreen.storyboard in Resources */,
				349750D529416FAE00BB4A34 /* CortesTableViewCell.xib in Resources */,
				3401CB5E29351BEC0058054C /* Assets.xcassets in Resources */,
				340D376D293FE49D00DC54D9 /* BarberCustomTableViewCell.xib in Resources */,
				34234153294160CB0072F1B0 /* Main.storyboard in Resources */,
				340160E82947B21F00DAFA21 /* BarberosTableViewCell.xib in Resources */,
			);
			runOnlyForDeploymentPostprocessing = 0;
		};
/* End PBXResourcesBuildPhase section */

/* Begin PBXSourcesBuildPhase section */
		3401CB4D29351BE90058054C /* Sources */ = {
			isa = PBXSourcesBuildPhase;
			buildActionMask = 2147483647;
			files = (
				3401CB5929351BE90058054C /* HomeController.swift in Sources */,
				340160E72947B21F00DAFA21 /* BarberosTableViewCell.swift in Sources */,
				34B9867C293E5B25003E79E5 /* BarberShopManager.swift in Sources */,
				34B9867A293E51E1003E79E5 /* BarberShopModel.swift in Sources */,
				3401CB5529351BE90058054C /* AppDelegate.swift in Sources */,
				340B8DA7293ECB3100CBE0D2 /* DetailsViewController.swift in Sources */,
				340D376C293FE49D00DC54D9 /* BarberCustomTableViewCell.swift in Sources */,
				3401CB5729351BE90058054C /* SceneDelegate.swift in Sources */,
				349750D429416FAE00BB4A34 /* CortesTableViewCell.swift in Sources */,
				340160E22947B05E00DAFA21 /* ReservaViewController.swift in Sources */,
			);
			runOnlyForDeploymentPostprocessing = 0;
		};
/* End PBXSourcesBuildPhase section */

/* Begin PBXVariantGroup section */
		3401CB5A29351BE90058054C /* Main.storyboard */ = {
			isa = PBXVariantGroup;
			children = (
				3401CB5B29351BE90058054C /* Base */,
			);
			name = Main.storyboard;
			sourceTree = "<group>";
		};
		3401CB5F29351BEC0058054C /* LaunchScreen.storyboard */ = {
			isa = PBXVariantGroup;
			children = (
				3401CB6029351BEC0058054C /* Base */,
			);
			name = LaunchScreen.storyboard;
			sourceTree = "<group>";
		};
/* End PBXVariantGroup section */

/* Begin XCBuildConfiguration section */
		3401CB6329351BEC0058054C /* Debug */ = {
			isa = XCBuildConfiguration;
			buildSettings = {
				ALWAYS_SEARCH_USER_PATHS = NO;
				CLANG_ANALYZER_NONNULL = YES;
				CLANG_ANALYZER_NUMBER_OBJECT_CONVERSION = YES_AGGRESSIVE;
				CLANG_CXX_LANGUAGE_STANDARD = "gnu++20";
				CLANG_ENABLE_MODULES = YES;
				CLANG_ENABLE_OBJC_ARC = YES;
				CLANG_ENABLE_OBJC_WEAK = YES;
				CLANG_WARN_BLOCK_CAPTURE_AUTORELEASING = YES;
				CLANG_WARN_BOOL_CONVERSION = YES;
				CLANG_WARN_COMMA = YES;
				CLANG_WARN_CONSTANT_CONVERSION = YES;
				CLANG_WARN_DEPRECATED_OBJC_IMPLEMENTATIONS = YES;
				CLANG_WARN_DIRECT_OBJC_ISA_USAGE = YES_ERROR;
				CLANG_WARN_DOCUMENTATION_COMMENTS = YES;
				CLANG_WARN_EMPTY_BODY = YES;
				CLANG_WARN_ENUM_CONVERSION = YES;
				CLANG_WARN_INFINITE_RECURSION = YES;
				CLANG_WARN_INT_CONVERSION = YES;
				CLANG_WARN_NON_LITERAL_NULL_CONVERSION = YES;
				CLANG_WARN_OBJC_IMPLICIT_RETAIN_SELF = YES;
				CLANG_WARN_OBJC_LITERAL_CONVERSION = YES;
				CLANG_WARN_OBJC_ROOT_CLASS = YES_ERROR;
				CLANG_WARN_QUOTED_INCLUDE_IN_FRAMEWORK_HEADER = YES;
				CLANG_WARN_RANGE_LOOP_ANALYSIS = YES;
				CLANG_WARN_STRICT_PROTOTYPES = YES;
				CLANG_WARN_SUSPICIOUS_MOVE = YES;
				CLANG_WARN_UNGUARDED_AVAILABILITY = YES_AGGRESSIVE;
				CLANG_WARN_UNREACHABLE_CODE = YES;
				CLANG_WARN__DUPLICATE_METHOD_MATCH = YES;
				COPY_PHASE_STRIP = NO;
				DEBUG_INFORMATION_FORMAT = dwarf;
				ENABLE_STRICT_OBJC_MSGSEND = YES;
				ENABLE_TESTABILITY = YES;
				GCC_C_LANGUAGE_STANDARD = gnu11;
				GCC_DYNAMIC_NO_PIC = NO;
				GCC_NO_COMMON_BLOCKS = YES;
				GCC_OPTIMIZATION_LEVEL = 0;
				GCC_PREPROCESSOR_DEFINITIONS = (
					"DEBUG=1",
					"$(inherited)",
				);
				GCC_WARN_64_TO_32_BIT_CONVERSION = YES;
				GCC_WARN_ABOUT_RETURN_TYPE = YES_ERROR;
				GCC_WARN_UNDECLARED_SELECTOR = YES;
				GCC_WARN_UNINITIALIZED_AUTOS = YES_AGGRESSIVE;
				GCC_WARN_UNUSED_FUNCTION = YES;
				GCC_WARN_UNUSED_VARIABLE = YES;
				IPHONEOS_DEPLOYMENT_TARGET = 16.1;
				MTL_ENABLE_DEBUG_INFO = INCLUDE_SOURCE;
				MTL_FAST_MATH = YES;
				ONLY_ACTIVE_ARCH = YES;
				SDKROOT = iphoneos;
				SWIFT_ACTIVE_COMPILATION_CONDITIONS = DEBUG;
				SWIFT_OPTIMIZATION_LEVEL = "-Onone";
			};
			name = Debug;
		};
		3401CB6429351BEC0058054C /* Release */ = {
			isa = XCBuildConfiguration;
			buildSettings = {
				ALWAYS_SEARCH_USER_PATHS = NO;
				CLANG_ANALYZER_NONNULL = YES;
				CLANG_ANALYZER_NUMBER_OBJECT_CONVERSION = YES_AGGRESSIVE;
				CLANG_CXX_LANGUAGE_STANDARD = "gnu++20";
				CLANG_ENABLE_MODULES = YES;
				CLANG_ENABLE_OBJC_ARC = YES;
				CLANG_ENABLE_OBJC_WEAK = YES;
				CLANG_WARN_BLOCK_CAPTURE_AUTORELEASING = YES;
				CLANG_WARN_BOOL_CONVERSION = YES;
				CLANG_WARN_COMMA = YES;
				CLANG_WARN_CONSTANT_CONVERSION = YES;
				CLANG_WARN_DEPRECATED_OBJC_IMPLEMENTATIONS = YES;
				CLANG_WARN_DIRECT_OBJC_ISA_USAGE = YES_ERROR;
				CLANG_WARN_DOCUMENTATION_COMMENTS = YES;
				CLANG_WARN_EMPTY_BODY = YES;
				CLANG_WARN_ENUM_CONVERSION = YES;
				CLANG_WARN_INFINITE_RECURSION = YES;
				CLANG_WARN_INT_CONVERSION = YES;
				CLANG_WARN_NON_LITERAL_NULL_CONVERSION = YES;
				CLANG_WARN_OBJC_IMPLICIT_RETAIN_SELF = YES;
				CLANG_WARN_OBJC_LITERAL_CONVERSION = YES;
				CLANG_WARN_OBJC_ROOT_CLASS = YES_ERROR;
				CLANG_WARN_QUOTED_INCLUDE_IN_FRAMEWORK_HEADER = YES;
				CLANG_WARN_RANGE_LOOP_ANALYSIS = YES;
				CLANG_WARN_STRICT_PROTOTYPES = YES;
				CLANG_WARN_SUSPICIOUS_MOVE = YES;
				CLANG_WARN_UNGUARDED_AVAILABILITY = YES_AGGRESSIVE;
				CLANG_WARN_UNREACHABLE_CODE = YES;
				CLANG_WARN__DUPLICATE_METHOD_MATCH = YES;
				COPY_PHASE_STRIP = NO;
				DEBUG_INFORMATION_FORMAT = "dwarf-with-dsym";
				ENABLE_NS_ASSERTIONS = NO;
				ENABLE_STRICT_OBJC_MSGSEND = YES;
				GCC_C_LANGUAGE_STANDARD = gnu11;
				GCC_NO_COMMON_BLOCKS = YES;
				GCC_WARN_64_TO_32_BIT_CONVERSION = YES;
				GCC_WARN_ABOUT_RETURN_TYPE = YES_ERROR;
				GCC_WARN_UNDECLARED_SELECTOR = YES;
				GCC_WARN_UNINITIALIZED_AUTOS = YES_AGGRESSIVE;
				GCC_WARN_UNUSED_FUNCTION = YES;
				GCC_WARN_UNUSED_VARIABLE = YES;
				IPHONEOS_DEPLOYMENT_TARGET = 16.1;
				MTL_ENABLE_DEBUG_INFO = NO;
				MTL_FAST_MATH = YES;
				SDKROOT = iphoneos;
				SWIFT_COMPILATION_MODE = wholemodule;
				SWIFT_OPTIMIZATION_LEVEL = "-O";
				VALIDATE_PRODUCT = YES;
			};
			name = Release;
		};
		3401CB6629351BEC0058054C /* Debug */ = {
			isa = XCBuildConfiguration;
			buildSettings = {
				ASSETCATALOG_COMPILER_APPICON_NAME = AppIcon;
				ASSETCATALOG_COMPILER_GLOBAL_ACCENT_COLOR_NAME = AccentColor;
				CODE_SIGN_STYLE = Automatic;
				CURRENT_PROJECT_VERSION = 1;
				GENERATE_INFOPLIST_FILE = YES;
				INFOPLIST_FILE = "barber-search/Info.plist";
				INFOPLIST_KEY_UIApplicationSupportsIndirectInputEvents = YES;
				INFOPLIST_KEY_UILaunchStoryboardName = LaunchScreen;
				INFOPLIST_KEY_UIMainStoryboardFile = Main;
				INFOPLIST_KEY_UISupportedInterfaceOrientations_iPad = "UIInterfaceOrientationPortrait UIInterfaceOrientationPortraitUpsideDown UIInterfaceOrientationLandscapeLeft UIInterfaceOrientationLandscapeRight";
				INFOPLIST_KEY_UISupportedInterfaceOrientations_iPhone = "UIInterfaceOrientationPortrait UIInterfaceOrientationLandscapeLeft UIInterfaceOrientationLandscapeRight";
				LD_RUNPATH_SEARCH_PATHS = (
					"$(inherited)",
					"@executable_path/Frameworks",
				);
				MARKETING_VERSION = 1.0;
				PRODUCT_BUNDLE_IDENTIFIER = "pe.jimmymacedo.barber-search";
				PRODUCT_NAME = "$(TARGET_NAME)";
				SWIFT_EMIT_LOC_STRINGS = YES;
				SWIFT_VERSION = 5.0;
				TARGETED_DEVICE_FAMILY = "1,2";
			};
			name = Debug;
		};
		3401CB6729351BEC0058054C /* Release */ = {
			isa = XCBuildConfiguration;
			buildSettings = {
				ASSETCATALOG_COMPILER_APPICON_NAME = AppIcon;
				ASSETCATALOG_COMPILER_GLOBAL_ACCENT_COLOR_NAME = AccentColor;
				CODE_SIGN_STYLE = Automatic;
				CURRENT_PROJECT_VERSION = 1;
				GENERATE_INFOPLIST_FILE = YES;
				INFOPLIST_FILE = "barber-search/Info.plist";
				INFOPLIST_KEY_UIApplicationSupportsIndirectInputEvents = YES;
				INFOPLIST_KEY_UILaunchStoryboardName = LaunchScreen;
				INFOPLIST_KEY_UIMainStoryboardFile = Main;
				INFOPLIST_KEY_UISupportedInterfaceOrientations_iPad = "UIInterfaceOrientationPortrait UIInterfaceOrientationPortraitUpsideDown UIInterfaceOrientationLandscapeLeft UIInterfaceOrientationLandscapeRight";
				INFOPLIST_KEY_UISupportedInterfaceOrientations_iPhone = "UIInterfaceOrientationPortrait UIInterfaceOrientationLandscapeLeft UIInterfaceOrientationLandscapeRight";
				LD_RUNPATH_SEARCH_PATHS = (
					"$(inherited)",
					"@executable_path/Frameworks",
				);
				MARKETING_VERSION = 1.0;
				PRODUCT_BUNDLE_IDENTIFIER = "pe.jimmymacedo.barber-search";
				PRODUCT_NAME = "$(TARGET_NAME)";
				SWIFT_EMIT_LOC_STRINGS = YES;
				SWIFT_VERSION = 5.0;
				TARGETED_DEVICE_FAMILY = "1,2";
			};
			name = Release;
		};
/* End XCBuildConfiguration section */

/* Begin XCConfigurationList section */
		3401CB4C29351BE90058054C /* Build configuration list for PBXProject "barber-search" */ = {
			isa = XCConfigurationList;
			buildConfigurations = (
				3401CB6329351BEC0058054C /* Debug */,
				3401CB6429351BEC0058054C /* Release */,
			);
			defaultConfigurationIsVisible = 0;
			defaultConfigurationName = Release;
		};
		3401CB6529351BEC0058054C /* Build configuration list for PBXNativeTarget "barber-search" */ = {
			isa = XCConfigurationList;
			buildConfigurations = (
				3401CB6629351BEC0058054C /* Debug */,
				3401CB6729351BEC0058054C /* Release */,
			);
			defaultConfigurationIsVisible = 0;
			defaultConfigurationName = Release;
		};
/* End XCConfigurationList section */
	};
	rootObject = 3401CB4929351BE90058054C /* Project object */;
}
